// !$*UTF8*$!
{
	archiveVersion = 1;
	classes = {
	};
	objectVersion = 77;
	objects = {

/* Begin PBXContainerItemProxy section */
		E391C5462CBA5C9100FC483C /* PBXContainerItemProxy */ = {
			isa = PBXContainerItemProxy;
			containerPortal = E391C52D2CBA5C8B00FC483C /* Project object */;
			proxyType = 1;
			remoteGlobalIDString = E391C5342CBA5C8B00FC483C;
			remoteInfo = Teszt;
		};
		E391C5502CBA5C9100FC483C /* PBXContainerItemProxy */ = {
			isa = PBXContainerItemProxy;
			containerPortal = E391C52D2CBA5C8B00FC483C /* Project object */;
			proxyType = 1;
			remoteGlobalIDString = E391C5342CBA5C8B00FC483C;
			remoteInfo = Teszt;
		};
/* End PBXContainerItemProxy section */

/* Begin PBXFileReference section */
		E391C5352CBA5C8B00FC483C /* Teszt.app */ = {isa = PBXFileReference; explicitFileType = wrapper.application; includeInIndex = 0; path = Teszt.app; sourceTree = BUILT_PRODUCTS_DIR; };
		E391C5452CBA5C9100FC483C /* TesztTests.xctest */ = {isa = PBXFileReference; explicitFileType = wrapper.cfbundle; includeInIndex = 0; path = TesztTests.xctest; sourceTree = BUILT_PRODUCTS_DIR; };
		E391C54F2CBA5C9100FC483C /* TesztUITests.xctest */ = {isa = PBXFileReference; explicitFileType = wrapper.cfbundle; includeInIndex = 0; path = TesztUITests.xctest; sourceTree = BUILT_PRODUCTS_DIR; };
/* End PBXFileReference section */

/* Begin PBXFileSystemSynchronizedRootGroup section */
		E391C5372CBA5C8B00FC483C /* Teszt */ = {
			isa = PBXFileSystemSynchronizedRootGroup;
			path = Teszt;
			sourceTree = "<group>";
		};
		E391C5482CBA5C9100FC483C /* TesztTests */ = {
			isa = PBXFileSystemSynchronizedRootGroup;
			path = TesztTests;
			sourceTree = "<group>";
		};
		E391C5522CBA5C9100FC483C /* TesztUITests */ = {
			isa = PBXFileSystemSynchronizedRootGroup;
			path = TesztUITests;
			sourceTree = "<group>";
		};
/* End PBXFileSystemSynchronizedRootGroup section */

/* Begin PBXFrameworksBuildPhase section */
		E391C5322CBA5C8B00FC483C /* Frameworks */ = {
			isa = PBXFrameworksBuildPhase;
			buildActionMask = 2147483647;
			files = (
			);
			runOnlyForDeploymentPostprocessing = 0;
		};
		E391C5422CBA5C9100FC483C /* Frameworks */ = {
			isa = PBXFrameworksBuildPhase;
			buildActionMask = 2147483647;
			files = (
			);
			runOnlyForDeploymentPostprocessing = 0;
		};
		E391C54C2CBA5C9100FC483C /* Frameworks */ = {
			isa = PBXFrameworksBuildPhase;
			buildActionMask = 2147483647;
			files = (
			);
			runOnlyForDeploymentPostprocessing = 0;
		};
/* End PBXFrameworksBuildPhase section */

/* Begin PBXGroup section */
		E391C52C2CBA5C8B00FC483C = {
			isa = PBXGroup;
			children = (
				E391C5372CBA5C8B00FC483C /* Teszt */,
				E391C5482CBA5C9100FC483C /* TesztTests */,
				E391C5522CBA5C9100FC483C /* TesztUITests */,
				E391C5362CBA5C8B00FC483C /* Products */,
			);
			sourceTree = "<group>";
		};
		E391C5362CBA5C8B00FC483C /* Products */ = {
			isa = PBXGroup;
			children = (
				E391C5352CBA5C8B00FC483C /* Teszt.app */,
				E391C5452CBA5C9100FC483C /* TesztTests.xctest */,
				E391C54F2CBA5C9100FC483C /* TesztUITests.xctest */,
			);
			name = Products;
			sourceTree = "<group>";
		};
/* End PBXGroup section */

/* Begin PBXNativeTarget section */
		E391C5342CBA5C8B00FC483C /* Teszt */ = {
			isa = PBXNativeTarget;
			buildConfigurationList = E391C5592CBA5C9100FC483C /* Build configuration list for PBXNativeTarget "Teszt" */;
			buildPhases = (
				E391C5312CBA5C8B00FC483C /* Sources */,
				E391C5322CBA5C8B00FC483C /* Frameworks */,
				E391C5332CBA5C8B00FC483C /* Resources */,
			);
			buildRules = (
			);
			dependencies = (
			);
			fileSystemSynchronizedGroups = (
				E391C5372CBA5C8B00FC483C /* Teszt */,
			);
			name = Teszt;
			packageProductDependencies = (
			);
			productName = Teszt;
			productReference = E391C5352CBA5C8B00FC483C /* Teszt.app */;
			productType = "com.apple.product-type.application";
		};
		E391C5442CBA5C9100FC483C /* TesztTests */ = {
			isa = PBXNativeTarget;
			buildConfigurationList = E391C55C2CBA5C9100FC483C /* Build configuration list for PBXNativeTarget "TesztTests" */;
			buildPhases = (
				E391C5412CBA5C9100FC483C /* Sources */,
				E391C5422CBA5C9100FC483C /* Frameworks */,
				E391C5432CBA5C9100FC483C /* Resources */,
			);
			buildRules = (
			);
			dependencies = (
				E391C5472CBA5C9100FC483C /* PBXTargetDependency */,
			);
			fileSystemSynchronizedGroups = (
				E391C5482CBA5C9100FC483C /* TesztTests */,
			);
			name = TesztTests;
			packageProductDependencies = (
			);
			productName = TesztTests;
			productReference = E391C5452CBA5C9100FC483C /* TesztTests.xctest */;
			productType = "com.apple.product-type.bundle.unit-test";
		};
		E391C54E2CBA5C9100FC483C /* TesztUITests */ = {
			isa = PBXNativeTarget;
			buildConfigurationList = E391C55F2CBA5C9100FC483C /* Build configuration list for PBXNativeTarget "TesztUITests" */;
			buildPhases = (
				E391C54B2CBA5C9100FC483C /* Sources */,
				E391C54C2CBA5C9100FC483C /* Frameworks */,
				E391C54D2CBA5C9100FC483C /* Resources */,
			);
			buildRules = (
			);
			dependencies = (
				E391C5512CBA5C9100FC483C /* PBXTargetDependency */,
			);
			fileSystemSynchronizedGroups = (
				E391C5522CBA5C9100FC483C /* TesztUITests */,
			);
			name = TesztUITests;
			packageProductDependencies = (
			);
			productName = TesztUITests;
			productReference = E391C54F2CBA5C9100FC483C /* TesztUITests.xctest */;
			productType = "com.apple.product-type.bundle.ui-testing";
		};
/* End PBXNativeTarget section */

/* Begin PBXProject section */
		E391C52D2CBA5C8B00FC483C /* Project object */ = {
			isa = PBXProject;
			attributes = {
				BuildIndependentTargetsInParallel = 1;
				LastSwiftUpdateCheck = 1600;
				LastUpgradeCheck = 1600;
				TargetAttributes = {
					E391C5342CBA5C8B00FC483C = {
						CreatedOnToolsVersion = 16.0;
					};
					E391C5442CBA5C9100FC483C = {
						CreatedOnToolsVersion = 16.0;
						TestTargetID = E391C5342CBA5C8B00FC483C;
					};
					E391C54E2CBA5C9100FC483C = {
						CreatedOnToolsVersion = 16.0;
						TestTargetID = E391C5342CBA5C8B00FC483C;
					};
				};
			};
			buildConfigurationList = E391C5302CBA5C8B00FC483C /* Build configuration list for PBXProject "Teszt" */;
			developmentRegion = en;
			hasScannedForEncodings = 0;
			knownRegions = (
				en,
				Base,
			);
			mainGroup = E391C52C2CBA5C8B00FC483C;
			minimizedProjectReferenceProxies = 1;
			preferredProjectObjectVersion = 77;
			productRefGroup = E391C5362CBA5C8B00FC483C /* Products */;
			projectDirPath = "";
			projectRoot = "";
			targets = (
				E391C5342CBA5C8B00FC483C /* Teszt */,
				E391C5442CBA5C9100FC483C /* TesztTests */,
				E391C54E2CBA5C9100FC483C /* TesztUITests */,
			);
		};
/* End PBXProject section */

/* Begin PBXResourcesBuildPhase section */
		E391C5332CBA5C8B00FC483C /* Resources */ = {
			isa = PBXResourcesBuildPhase;
			buildActionMask = 2147483647;
			files = (
			);
			runOnlyForDeploymentPostprocessing = 0;
		};
		E391C5432CBA5C9100FC483C /* Resources */ = {
			isa = PBXResourcesBuildPhase;
			buildActionMask = 2147483647;
			files = (
			);
			runOnlyForDeploymentPostprocessing = 0;
		};
		E391C54D2CBA5C9100FC483C /* Resources */ = {
			isa = PBXResourcesBuildPhase;
			buildActionMask = 2147483647;
			files = (
			);
			runOnlyForDeploymentPostprocessing = 0;
		};
/* End PBXResourcesBuildPhase section */

/* Begin PBXSourcesBuildPhase section */
		E391C5312CBA5C8B00FC483C /* Sources */ = {
			isa = PBXSourcesBuildPhase;
			buildActionMask = 2147483647;
			files = (
			);
			runOnlyForDeploymentPostprocessing = 0;
		};
		E391C5412CBA5C9100FC483C /* Sources */ = {
			isa = PBXSourcesBuildPhase;
			buildActionMask = 2147483647;
			files = (
			);
			runOnlyForDeploymentPostprocessing = 0;
		};
		E391C54B2CBA5C9100FC483C /* Sources */ = {
			isa = PBXSourcesBuildPhase;
			buildActionMask = 2147483647;
			files = (
			);
			runOnlyForDeploymentPostprocessing = 0;
		};
/* End PBXSourcesBuildPhase section */

/* Begin PBXTargetDependency section */
		E391C5472CBA5C9100FC483C /* PBXTargetDependency */ = {
			isa = PBXTargetDependency;
			target = E391C5342CBA5C8B00FC483C /* Teszt */;
			targetProxy = E391C5462CBA5C9100FC483C /* PBXContainerItemProxy */;
		};
		E391C5512CBA5C9100FC483C /* PBXTargetDependency */ = {
			isa = PBXTargetDependency;
			target = E391C5342CBA5C8B00FC483C /* Teszt */;
			targetProxy = E391C5502CBA5C9100FC483C /* PBXContainerItemProxy */;
		};
/* End PBXTargetDependency section */

/* Begin XCBuildConfiguration section */
		E391C5572CBA5C9100FC483C /* Debug */ = {
			isa = XCBuildConfiguration;
			buildSettings = {
				ALWAYS_SEARCH_USER_PATHS = NO;
				ASSETCATALOG_COMPILER_GENERATE_SWIFT_ASSET_SYMBOL_EXTENSIONS = YES;
				CLANG_ANALYZER_NONNULL = YES;
				CLANG_ANALYZER_NUMBER_OBJECT_CONVERSION = YES_AGGRESSIVE;
				CLANG_CXX_LANGUAGE_STANDARD = "gnu++20";
				CLANG_ENABLE_MODULES = YES;
				CLANG_ENABLE_OBJC_ARC = YES;
				CLANG_ENABLE_OBJC_WEAK = YES;
				CLANG_WARN_BLOCK_CAPTURE_AUTORELEASING = YES;
				CLANG_WARN_BOOL_CONVERSION = YES;
				CLANG_WARN_COMMA = YES;
				CLANG_WARN_CONSTANT_CONVERSION = YES;
				CLANG_WARN_DEPRECATED_OBJC_IMPLEMENTATIONS = YES;
				CLANG_WARN_DIRECT_OBJC_ISA_USAGE = YES_ERROR;
				CLANG_WARN_DOCUMENTATION_COMMENTS = YES;
				CLANG_WARN_EMPTY_BODY = YES;
				CLANG_WARN_ENUM_CONVERSION = YES;
				CLANG_WARN_INFINITE_RECURSION = YES;
				CLANG_WARN_INT_CONVERSION = YES;
				CLANG_WARN_NON_LITERAL_NULL_CONVERSION = YES;
				CLANG_WARN_OBJC_IMPLICIT_RETAIN_SELF = YES;
				CLANG_WARN_OBJC_LITERAL_CONVERSION = YES;
				CLANG_WARN_OBJC_ROOT_CLASS = YES_ERROR;
				CLANG_WARN_QUOTED_INCLUDE_IN_FRAMEWORK_HEADER = YES;
				CLANG_WARN_RANGE_LOOP_ANALYSIS = YES;
				CLANG_WARN_STRICT_PROTOTYPES = YES;
				CLANG_WARN_SUSPICIOUS_MOVE = YES;
				CLANG_WARN_UNGUARDED_AVAILABILITY = YES_AGGRESSIVE;
				CLANG_WARN_UNREACHABLE_CODE = YES;
				CLANG_WARN__DUPLICATE_METHOD_MATCH = YES;
				COPY_PHASE_STRIP = NO;
				DEBUG_INFORMATION_FORMAT = dwarf;
				ENABLE_STRICT_OBJC_MSGSEND = YES;
				ENABLE_TESTABILITY = YES;
				ENABLE_USER_SCRIPT_SANDBOXING = YES;
				GCC_C_LANGUAGE_STANDARD = gnu17;
				GCC_DYNAMIC_NO_PIC = NO;
				GCC_NO_COMMON_BLOCKS = YES;
				GCC_OPTIMIZATION_LEVEL = 0;
				GCC_PREPROCESSOR_DEFINITIONS = (
					"DEBUG=1",
					"$(inherited)",
				);
				GCC_WARN_64_TO_32_BIT_CONVERSION = YES;
				GCC_WARN_ABOUT_RETURN_TYPE = YES_ERROR;
				GCC_WARN_UNDECLARED_SELECTOR = YES;
				GCC_WARN_UNINITIALIZED_AUTOS = YES_AGGRESSIVE;
				GCC_WARN_UNUSED_FUNCTION = YES;
				GCC_WARN_UNUSED_VARIABLE = YES;
				IPHONEOS_DEPLOYMENT_TARGET = 18.0;
				LOCALIZATION_PREFERS_STRING_CATALOGS = YES;
				MTL_ENABLE_DEBUG_INFO = INCLUDE_SOURCE;
				MTL_FAST_MATH = YES;
				ONLY_ACTIVE_ARCH = YES;
				SDKROOT = iphoneos;
				SWIFT_ACTIVE_COMPILATION_CONDITIONS = "DEBUG $(inherited)";
				SWIFT_OPTIMIZATION_LEVEL = "-Onone";
			};
			name = Debug;
		};
		E391C5582CBA5C9100FC483C /* Release */ = {
			isa = XCBuildConfiguration;
			buildSettings = {
				ALWAYS_SEARCH_USER_PATHS = NO;
				ASSETCATALOG_COMPILER_GENERATE_SWIFT_ASSET_SYMBOL_EXTENSIONS = YES;
				CLANG_ANALYZER_NONNULL = YES;
				CLANG_ANALYZER_NUMBER_OBJECT_CONVERSION = YES_AGGRESSIVE;
				CLANG_CXX_LANGUAGE_STANDARD = "gnu++20";
				CLANG_ENABLE_MODULES = YES;
				CLANG_ENABLE_OBJC_ARC = YES;
				CLANG_ENABLE_OBJC_WEAK = YES;
				CLANG_WARN_BLOCK_CAPTURE_AUTORELEASING = YES;
				CLANG_WARN_BOOL_CONVERSION = YES;
				CLANG_WARN_COMMA = YES;
				CLANG_WARN_CONSTANT_CONVERSION = YES;
				CLANG_WARN_DEPRECATED_OBJC_IMPLEMENTATIONS = YES;
				CLANG_WARN_DIRECT_OBJC_ISA_USAGE = YES_ERROR;
				CLANG_WARN_DOCUMENTATION_COMMENTS = YES;
				CLANG_WARN_EMPTY_BODY = YES;
				CLANG_WARN_ENUM_CONVERSION = YES;
				CLANG_WARN_INFINITE_RECURSION = YES;
				CLANG_WARN_INT_CONVERSION = YES;
				CLANG_WARN_NON_LITERAL_NULL_CONVERSION = YES;
				CLANG_WARN_OBJC_IMPLICIT_RETAIN_SELF = YES;
				CLANG_WARN_OBJC_LITERAL_CONVERSION = YES;
				CLANG_WARN_OBJC_ROOT_CLASS = YES_ERROR;
				CLANG_WARN_QUOTED_INCLUDE_IN_FRAMEWORK_HEADER = YES;
				CLANG_WARN_RANGE_LOOP_ANALYSIS = YES;
				CLANG_WARN_STRICT_PROTOTYPES = YES;
				CLANG_WARN_SUSPICIOUS_MOVE = YES;
				CLANG_WARN_UNGUARDED_AVAILABILITY = YES_AGGRESSIVE;
				CLANG_WARN_UNREACHABLE_CODE = YES;
				CLANG_WARN__DUPLICATE_METHOD_MATCH = YES;
				COPY_PHASE_STRIP = NO;
				DEBUG_INFORMATION_FORMAT = "dwarf-with-dsym";
				ENABLE_NS_ASSERTIONS = NO;
				ENABLE_STRICT_OBJC_MSGSEND = YES;
				ENABLE_USER_SCRIPT_SANDBOXING = YES;
				GCC_C_LANGUAGE_STANDARD = gnu17;
				GCC_NO_COMMON_BLOCKS = YES;
				GCC_WARN_64_TO_32_BIT_CONVERSION = YES;
				GCC_WARN_ABOUT_RETURN_TYPE = YES_ERROR;
				GCC_WARN_UNDECLARED_SELECTOR = YES;
				GCC_WARN_UNINITIALIZED_AUTOS = YES_AGGRESSIVE;
				GCC_WARN_UNUSED_FUNCTION = YES;
				GCC_WARN_UNUSED_VARIABLE = YES;
				IPHONEOS_DEPLOYMENT_TARGET = 18.0;
				LOCALIZATION_PREFERS_STRING_CATALOGS = YES;
				MTL_ENABLE_DEBUG_INFO = NO;
				MTL_FAST_MATH = YES;
				SDKROOT = iphoneos;
				SWIFT_COMPILATION_MODE = wholemodule;
				VALIDATE_PRODUCT = YES;
			};
			name = Release;
		};
		E391C55A2CBA5C9100FC483C /* Debug */ = {
			isa = XCBuildConfiguration;
			buildSettings = {
				ASSETCATALOG_COMPILER_APPICON_NAME = AppIcon;
				ASSETCATALOG_COMPILER_GLOBAL_ACCENT_COLOR_NAME = AccentColor;
				CODE_SIGN_STYLE = Automatic;
				CURRENT_PROJECT_VERSION = 1;
				DEVELOPMENT_ASSET_PATHS = "\"Teszt/Preview Content\"";
				ENABLE_PREVIEWS = YES;
				GENERATE_INFOPLIST_FILE = YES;
				INFOPLIST_KEY_UIApplicationSceneManifest_Generation = YES;
				INFOPLIST_KEY_UIApplicationSupportsIndirectInputEvents = YES;
				INFOPLIST_KEY_UILaunchScreen_Generation = YES;
				INFOPLIST_KEY_UISupportedInterfaceOrientations_iPad = "UIInterfaceOrientationPortrait UIInterfaceOrientationPortraitUpsideDown UIInterfaceOrientationLandscapeLeft UIInterfaceOrientationLandscapeRight";
				INFOPLIST_KEY_UISupportedInterfaceOrientations_iPhone = "UIInterfaceOrientationPortrait UIInterfaceOrientationLandscapeLeft UIInterfaceOrientationLandscapeRight";
				LD_RUNPATH_SEARCH_PATHS = (
					"$(inherited)",
					"@executable_path/Frameworks",
				);
				MARKETING_VERSION = 1.0;
				PRODUCT_BUNDLE_IDENTIFIER = Sarai.Teszt;
				PRODUCT_NAME = "$(TARGET_NAME)";
				SWIFT_EMIT_LOC_STRINGS = YES;
				SWIFT_VERSION = 5.0;
				TARGETED_DEVICE_FAMILY = "1,2";
			};
			name = Debug;
		};
		E391C55B2CBA5C9100FC483C /* Release */ = {
			isa = XCBuildConfiguration;
			buildSettings = {
				ASSETCATALOG_COMPILER_APPICON_NAME = AppIcon;
				ASSETCATALOG_COMPILER_GLOBAL_ACCENT_COLOR_NAME = AccentColor;
				CODE_SIGN_STYLE = Automatic;
				CURRENT_PROJECT_VERSION = 1;
				DEVELOPMENT_ASSET_PATHS = "\"Teszt/Preview Content\"";
				ENABLE_PREVIEWS = YES;
				GENERATE_INFOPLIST_FILE = YES;
				INFOPLIST_KEY_UIApplicationSceneManifest_Generation = YES;
				INFOPLIST_KEY_UIApplicationSupportsIndirectInputEvents = YES;
				INFOPLIST_KEY_UILaunchScreen_Generation = YES;
				INFOPLIST_KEY_UISupportedInterfaceOrientations_iPad = "UIInterfaceOrientationPortrait UIInterfaceOrientationPortraitUpsideDown UIInterfaceOrientationLandscapeLeft UIInterfaceOrientationLandscapeRight";
				INFOPLIST_KEY_UISupportedInterfaceOrientations_iPhone = "UIInterfaceOrientationPortrait UIInterfaceOrientationLandscapeLeft UIInterfaceOrientationLandscapeRight";
				LD_RUNPATH_SEARCH_PATHS = (
					"$(inherited)",
					"@executable_path/Frameworks",
				);
				MARKETING_VERSION = 1.0;
				PRODUCT_BUNDLE_IDENTIFIER = Sarai.Teszt;
				PRODUCT_NAME = "$(TARGET_NAME)";
				SWIFT_EMIT_LOC_STRINGS = YES;
				SWIFT_VERSION = 5.0;
				TARGETED_DEVICE_FAMILY = "1,2";
			};
			name = Release;
		};
		E391C55D2CBA5C9100FC483C /* Debug */ = {
			isa = XCBuildConfiguration;
			buildSettings = {
				BUNDLE_LOADER = "$(TEST_HOST)";
				CODE_SIGN_STYLE = Automatic;
				CURRENT_PROJECT_VERSION = 1;
				GENERATE_INFOPLIST_FILE = YES;
				IPHONEOS_DEPLOYMENT_TARGET = 18.0;
				MARKETING_VERSION = 1.0;
				PRODUCT_BUNDLE_IDENTIFIER = Sarai.TesztTests;
				PRODUCT_NAME = "$(TARGET_NAME)";
				SWIFT_EMIT_LOC_STRINGS = NO;
				SWIFT_VERSION = 5.0;
				TARGETED_DEVICE_FAMILY = "1,2";
				TEST_HOST = "$(BUILT_PRODUCTS_DIR)/Teszt.app/$(BUNDLE_EXECUTABLE_FOLDER_PATH)/Teszt";
			};
			name = Debug;
		};
		E391C55E2CBA5C9100FC483C /* Release */ = {
			isa = XCBuildConfiguration;
			buildSettings = {
				BUNDLE_LOADER = "$(TEST_HOST)";
				CODE_SIGN_STYLE = Automatic;
				CURRENT_PROJECT_VERSION = 1;
				GENERATE_INFOPLIST_FILE = YES;
				IPHONEOS_DEPLOYMENT_TARGET = 18.0;
				MARKETING_VERSION = 1.0;
				PRODUCT_BUNDLE_IDENTIFIER = Sarai.TesztTests;
				PRODUCT_NAME = "$(TARGET_NAME)";
				SWIFT_EMIT_LOC_STRINGS = NO;
				SWIFT_VERSION = 5.0;
				TARGETED_DEVICE_FAMILY = "1,2";
				TEST_HOST = "$(BUILT_PRODUCTS_DIR)/Teszt.app/$(BUNDLE_EXECUTABLE_FOLDER_PATH)/Teszt";
			};
			name = Release;
		};
		E391C5602CBA5C9100FC483C /* Debug */ = {
			isa = XCBuildConfiguration;
			buildSettings = {
				CODE_SIGN_STYLE = Automatic;
				CURRENT_PROJECT_VERSION = 1;
				GENERATE_INFOPLIST_FILE = YES;
				MARKETING_VERSION = 1.0;
				PRODUCT_BUNDLE_IDENTIFIER = Sarai.TesztUITests;
				PRODUCT_NAME = "$(TARGET_NAME)";
				SWIFT_EMIT_LOC_STRINGS = NO;
				SWIFT_VERSION = 5.0;
				TARGETED_DEVICE_FAMILY = "1,2";
				TEST_TARGET_NAME = Teszt;
			};
			name = Debug;
		};
		E391C5612CBA5C9100FC483C /* Release */ = {
			isa = XCBuildConfiguration;
			buildSettings = {
				CODE_SIGN_STYLE = Automatic;
				CURRENT_PROJECT_VERSION = 1;
				GENERATE_INFOPLIST_FILE = YES;
				MARKETING_VERSION = 1.0;
				PRODUCT_BUNDLE_IDENTIFIER = Sarai.TesztUITests;
				PRODUCT_NAME = "$(TARGET_NAME)";
				SWIFT_EMIT_LOC_STRINGS = NO;
				SWIFT_VERSION = 5.0;
				TARGETED_DEVICE_FAMILY = "1,2";
				TEST_TARGET_NAME = Teszt;
			};
			name = Release;
		};
/* End XCBuildConfiguration section */

/* Begin XCConfigurationList section */
		E391C5302CBA5C8B00FC483C /* Build configuration list for PBXProject "Teszt" */ = {
			isa = XCConfigurationList;
			buildConfigurations = (
				E391C5572CBA5C9100FC483C /* Debug */,
				E391C5582CBA5C9100FC483C /* Release */,
			);
			defaultConfigurationIsVisible = 0;
			defaultConfigurationName = Release;
		};
		E391C5592CBA5C9100FC483C /* Build configuration list for PBXNativeTarget "Teszt" */ = {
			isa = XCConfigurationList;
			buildConfigurations = (
				E391C55A2CBA5C9100FC483C /* Debug */,
				E391C55B2CBA5C9100FC483C /* Release */,
			);
			defaultConfigurationIsVisible = 0;
			defaultConfigurationName = Release;
		};
		E391C55C2CBA5C9100FC483C /* Build configuration list for PBXNativeTarget "TesztTests" */ = {
			isa = XCConfigurationList;
			buildConfigurations = (
				E391C55D2CBA5C9100FC483C /* Debug */,
				E391C55E2CBA5C9100FC483C /* Release */,
			);
			defaultConfigurationIsVisible = 0;
			defaultConfigurationName = Release;
		};
		E391C55F2CBA5C9100FC483C /* Build configuration list for PBXNativeTarget "TesztUITests" */ = {
			isa = XCConfigurationList;
			buildConfigurations = (
				E391C5602CBA5C9100FC483C /* Debug */,
				E391C5612CBA5C9100FC483C /* Release */,
			);
			defaultConfigurationIsVisible = 0;
			defaultConfigurationName = Release;
		};
/* End XCConfigurationList section */
	};
	rootObject = E391C52D2CBA5C8B00FC483C /* Project object */;
}
